dependencies:
- name: postgresql
  repository: https://kubernetes-charts.storage.googleapis.com/
  version: 7.7.2
- name: mysql
  repository: https://kubernetes-charts.storage.googleapis.com/
  version: 1.4.0
digest: sha256:9b2a2860ad828ccb624466d7e3d7890eb2f193706b3c732b505353036ed3eeaf
generated: "2019-12-03T01:22:12.454760785-05:00"
